
Microsoft Visual Studio Solution File, Format Version 9.00
# Visual Studio 2005
Project("{8BC9CEB8-8B4A-11D0-8D11-00A0C91BC942}") = "VisualCardMonitor", "VisualCardMonitor\VisualCardMonitor.vcproj", "{0B6F5EED-850A-42D3-BE66-22A7C11B8789}"
EndProject
Project("{8BC9CEB8-8B4A-11D0-8D11-00A0C91BC942}") = "CallCspDll", "CallCspDll\CallCspDll.vcproj", "{183AA0C8-8B58-4600-B1F5-047C978DEAD9}"
EndProject
Global
	GlobalSection(SubversionScc) = preSolution
		Svn-Managed = True
		Manager = AnkhSVN - Subversion Support for Visual Studio
	EndGlobalSection
	GlobalSection(SolutionConfigurationPlatforms) = preSolution
		Debug|Win32 = Debug|Win32
		Release|Win32 = Release|Win32
	EndGlobalSection
	GlobalSection(ProjectConfigurationPlatforms) = postSolution
		{0B6F5EED-850A-42D3-BE66-22A7C11B8789}.Debug|Win32.ActiveCfg = Debug|Win32
		{0B6F5EED-850A-42D3-BE66-22A7C11B8789}.Debug|Win32.Build.0 = Debug|Win32
		{0B6F5EED-850A-42D3-BE66-22A7C11B8789}.Release|Win32.ActiveCfg = Release|Win32
		{0B6F5EED-850A-42D3-BE66-22A7C11B8789}.Release|Win32.Build.0 = Release|Win32
		{183AA0C8-8B58-4600-B1F5-047C978DEAD9}.Debug|Win32.ActiveCfg = Debug|Win32
		{183AA0C8-8B58-4600-B1F5-047C978DEAD9}.Debug|Win32.Build.0 = Debug|Win32
		{183AA0C8-8B58-4600-B1F5-047C978DEAD9}.Release|Win32.ActiveCfg = Release|Win32
		{183AA0C8-8B58-4600-B1F5-047C978DEAD9}.Release|Win32.Build.0 = Release|Win32
	EndGlobalSection
	GlobalSection(SolutionProperties) = preSolution
		HideSolutionNode = FALSE
	EndGlobalSection
EndGlobal
